
Microsoft Visual Studio Solution File, Format Version 12.00
# Visual Studio 15
VisualStudioVersion = 15.0.27004.2008
MinimumVisualStudioVersion = 10.0.40219.1
Project("{FAE04EC0-301F-11D3-BF4B-00C04F79EFBC}") = "Neo.Gui.Wpf", "Neo.Gui.Wpf\Neo.Gui.Wpf.csproj", "{CFC243F0-F4E3-4754-8E21-8BA17E1C1788}"
EndProject
Project("{9A19103F-16F7-4668-BE54-9A1E7A4F7556}") = "Neo.Gui.ViewModels.Tests", "Neo.Gui.ViewModels.Tests\Neo.Gui.ViewModels.Tests.csproj", "{B55307C0-BE48-4148-A1CD-D42ADFC360D6}"
EndProject
Project("{9A19103F-16F7-4668-BE54-9A1E7A4F7556}") = "Neo.Gui.Base", "Neo.Gui.Base\Neo.Gui.Base.csproj", "{929FDF79-F89D-4B4F-BB56-DBD1D31528B4}"
EndProject
Project("{9A19103F-16F7-4668-BE54-9A1E7A4F7556}") = "Neo.Gui.ViewModels", "Neo.Gui.ViewModels\Neo.Gui.ViewModels.csproj", "{6B4C96B5-9B1A-45A4-BB30-827768EDE82C}"
EndProject
Project("{2150E333-8FDC-42A3-9474-1A3956D46DE8}") = "Tests", "Tests", "{74C962D4-4F1A-430B-8FAF-81974F863DA8}"
EndProject
Project("{9A19103F-16F7-4668-BE54-9A1E7A4F7556}") = "Neo.Gui.Base.Tests", "Neo.Gui.Base.Tests\Neo.Gui.Base.Tests.csproj", "{9D18A4FD-F3A0-4E58-AC60-AF2D9DCF954A}"
EndProject
Project("{9A19103F-16F7-4668-BE54-9A1E7A4F7556}") = "Neo.Gui.TestHelpers", "Neo.Gui.TestHelpers\Neo.Gui.TestHelpers.csproj", "{E5903A9F-0804-4912-92CC-469E47FAE4F6}"
EndProject
Project("{9A19103F-16F7-4668-BE54-9A1E7A4F7556}") = "Neo.Gui.Globalization", "Neo.Gui.Globalization\Neo.Gui.Globalization.csproj", "{34501D6D-410C-4E1E-8C47-1A2EBBFBE611}"
EndProject
Project("{FAE04EC0-301F-11D3-BF4B-00C04F79EFBC}") = "Neo.Gui.Android", "Neo.Gui\Neo.Gui.Android\Neo.Gui.Android.csproj", "{B02F01D3-6062-4C23-AADF-A6967D95307A}"
EndProject
Project("{FAE04EC0-301F-11D3-BF4B-00C04F79EFBC}") = "Neo.Gui.iOS", "Neo.Gui\Neo.Gui.iOS\Neo.Gui.iOS.csproj", "{09EE26AE-0657-4539-8552-817C290D8A8B}"
EndProject
Project("{FAE04EC0-301F-11D3-BF4B-00C04F79EFBC}") = "Neo.Gui.XamarinViews", "Neo.Gui.XamarinViews\Neo.Gui.XamarinViews.csproj", "{37140172-D87D-4CD1-97C7-FA9F7E4D4267}"
EndProject
Global
	GlobalSection(SolutionConfigurationPlatforms) = preSolution
		Ad-Hoc|Any CPU = Ad-Hoc|Any CPU
		Ad-Hoc|iPhone = Ad-Hoc|iPhone
		Ad-Hoc|iPhoneSimulator = Ad-Hoc|iPhoneSimulator
		AppStore|Any CPU = AppStore|Any CPU
		AppStore|iPhone = AppStore|iPhone
		AppStore|iPhoneSimulator = AppStore|iPhoneSimulator
		Debug|Any CPU = Debug|Any CPU
		Debug|iPhone = Debug|iPhone
		Debug|iPhoneSimulator = Debug|iPhoneSimulator
		Release|Any CPU = Release|Any CPU
		Release|iPhone = Release|iPhone
		Release|iPhoneSimulator = Release|iPhoneSimulator
	EndGlobalSection
	GlobalSection(ProjectConfigurationPlatforms) = postSolution
		{CFC243F0-F4E3-4754-8E21-8BA17E1C1788}.Ad-Hoc|Any CPU.ActiveCfg = Release|Any CPU
		{CFC243F0-F4E3-4754-8E21-8BA17E1C1788}.Ad-Hoc|Any CPU.Build.0 = Release|Any CPU
		{CFC243F0-F4E3-4754-8E21-8BA17E1C1788}.Ad-Hoc|iPhone.ActiveCfg = Release|Any CPU
		{CFC243F0-F4E3-4754-8E21-8BA17E1C1788}.Ad-Hoc|iPhone.Build.0 = Release|Any CPU
		{CFC243F0-F4E3-4754-8E21-8BA17E1C1788}.Ad-Hoc|iPhoneSimulator.ActiveCfg = Release|Any CPU
		{CFC243F0-F4E3-4754-8E21-8BA17E1C1788}.Ad-Hoc|iPhoneSimulator.Build.0 = Release|Any CPU
		{CFC243F0-F4E3-4754-8E21-8BA17E1C1788}.AppStore|Any CPU.ActiveCfg = Release|Any CPU
		{CFC243F0-F4E3-4754-8E21-8BA17E1C1788}.AppStore|Any CPU.Build.0 = Release|Any CPU
		{CFC243F0-F4E3-4754-8E21-8BA17E1C1788}.AppStore|iPhone.ActiveCfg = Release|Any CPU
		{CFC243F0-F4E3-4754-8E21-8BA17E1C1788}.AppStore|iPhone.Build.0 = Release|Any CPU
		{CFC243F0-F4E3-4754-8E21-8BA17E1C1788}.AppStore|iPhoneSimulator.ActiveCfg = Release|Any CPU
		{CFC243F0-F4E3-4754-8E21-8BA17E1C1788}.AppStore|iPhoneSimulator.Build.0 = Release|Any CPU
		{CFC243F0-F4E3-4754-8E21-8BA17E1C1788}.Debug|Any CPU.ActiveCfg = Debug|Any CPU
		{CFC243F0-F4E3-4754-8E21-8BA17E1C1788}.Debug|Any CPU.Build.0 = Debug|Any CPU
		{CFC243F0-F4E3-4754-8E21-8BA17E1C1788}.Debug|iPhone.ActiveCfg = Debug|Any CPU
		{CFC243F0-F4E3-4754-8E21-8BA17E1C1788}.Debug|iPhone.Build.0 = Debug|Any CPU
		{CFC243F0-F4E3-4754-8E21-8BA17E1C1788}.Debug|iPhoneSimulator.ActiveCfg = Debug|Any CPU
		{CFC243F0-F4E3-4754-8E21-8BA17E1C1788}.Debug|iPhoneSimulator.Build.0 = Debug|Any CPU
		{CFC243F0-F4E3-4754-8E21-8BA17E1C1788}.Release|Any CPU.ActiveCfg = Release|Any CPU
		{CFC243F0-F4E3-4754-8E21-8BA17E1C1788}.Release|Any CPU.Build.0 = Release|Any CPU
		{CFC243F0-F4E3-4754-8E21-8BA17E1C1788}.Release|iPhone.ActiveCfg = Release|Any CPU
		{CFC243F0-F4E3-4754-8E21-8BA17E1C1788}.Release|iPhone.Build.0 = Release|Any CPU
		{CFC243F0-F4E3-4754-8E21-8BA17E1C1788}.Release|iPhoneSimulator.ActiveCfg = Release|Any CPU
		{CFC243F0-F4E3-4754-8E21-8BA17E1C1788}.Release|iPhoneSimulator.Build.0 = Release|Any CPU
		{B55307C0-BE48-4148-A1CD-D42ADFC360D6}.Ad-Hoc|Any CPU.ActiveCfg = Release|Any CPU
		{B55307C0-BE48-4148-A1CD-D42ADFC360D6}.Ad-Hoc|Any CPU.Build.0 = Release|Any CPU
		{B55307C0-BE48-4148-A1CD-D42ADFC360D6}.Ad-Hoc|iPhone.ActiveCfg = Release|Any CPU
		{B55307C0-BE48-4148-A1CD-D42ADFC360D6}.Ad-Hoc|iPhone.Build.0 = Release|Any CPU
		{B55307C0-BE48-4148-A1CD-D42ADFC360D6}.Ad-Hoc|iPhoneSimulator.ActiveCfg = Release|Any CPU
		{B55307C0-BE48-4148-A1CD-D42ADFC360D6}.Ad-Hoc|iPhoneSimulator.Build.0 = Release|Any CPU
		{B55307C0-BE48-4148-A1CD-D42ADFC360D6}.AppStore|Any CPU.ActiveCfg = Release|Any CPU
		{B55307C0-BE48-4148-A1CD-D42ADFC360D6}.AppStore|Any CPU.Build.0 = Release|Any CPU
		{B55307C0-BE48-4148-A1CD-D42ADFC360D6}.AppStore|iPhone.ActiveCfg = Release|Any CPU
		{B55307C0-BE48-4148-A1CD-D42ADFC360D6}.AppStore|iPhone.Build.0 = Release|Any CPU
		{B55307C0-BE48-4148-A1CD-D42ADFC360D6}.AppStore|iPhoneSimulator.ActiveCfg = Release|Any CPU
		{B55307C0-BE48-4148-A1CD-D42ADFC360D6}.AppStore|iPhoneSimulator.Build.0 = Release|Any CPU
		{B55307C0-BE48-4148-A1CD-D42ADFC360D6}.Debug|Any CPU.ActiveCfg = Debug|Any CPU
		{B55307C0-BE48-4148-A1CD-D42ADFC360D6}.Debug|Any CPU.Build.0 = Debug|Any CPU
		{B55307C0-BE48-4148-A1CD-D42ADFC360D6}.Debug|iPhone.ActiveCfg = Debug|Any CPU
		{B55307C0-BE48-4148-A1CD-D42ADFC360D6}.Debug|iPhone.Build.0 = Debug|Any CPU
		{B55307C0-BE48-4148-A1CD-D42ADFC360D6}.Debug|iPhoneSimulator.ActiveCfg = Debug|Any CPU
		{B55307C0-BE48-4148-A1CD-D42ADFC360D6}.Debug|iPhoneSimulator.Build.0 = Debug|Any CPU
		{B55307C0-BE48-4148-A1CD-D42ADFC360D6}.Release|Any CPU.ActiveCfg = Release|Any CPU
		{B55307C0-BE48-4148-A1CD-D42ADFC360D6}.Release|Any CPU.Build.0 = Release|Any CPU
		{B55307C0-BE48-4148-A1CD-D42ADFC360D6}.Release|iPhone.ActiveCfg = Release|Any CPU
		{B55307C0-BE48-4148-A1CD-D42ADFC360D6}.Release|iPhone.Build.0 = Release|Any CPU
		{B55307C0-BE48-4148-A1CD-D42ADFC360D6}.Release|iPhoneSimulator.ActiveCfg = Release|Any CPU
		{B55307C0-BE48-4148-A1CD-D42ADFC360D6}.Release|iPhoneSimulator.Build.0 = Release|Any CPU
		{929FDF79-F89D-4B4F-BB56-DBD1D31528B4}.Ad-Hoc|Any CPU.ActiveCfg = Release|Any CPU
		{929FDF79-F89D-4B4F-BB56-DBD1D31528B4}.Ad-Hoc|Any CPU.Build.0 = Release|Any CPU
		{929FDF79-F89D-4B4F-BB56-DBD1D31528B4}.Ad-Hoc|iPhone.ActiveCfg = Release|Any CPU
		{929FDF79-F89D-4B4F-BB56-DBD1D31528B4}.Ad-Hoc|iPhone.Build.0 = Release|Any CPU
		{929FDF79-F89D-4B4F-BB56-DBD1D31528B4}.Ad-Hoc|iPhoneSimulator.ActiveCfg = Release|Any CPU
		{929FDF79-F89D-4B4F-BB56-DBD1D31528B4}.Ad-Hoc|iPhoneSimulator.Build.0 = Release|Any CPU
		{929FDF79-F89D-4B4F-BB56-DBD1D31528B4}.AppStore|Any CPU.ActiveCfg = Release|Any CPU
		{929FDF79-F89D-4B4F-BB56-DBD1D31528B4}.AppStore|Any CPU.Build.0 = Release|Any CPU
		{929FDF79-F89D-4B4F-BB56-DBD1D31528B4}.AppStore|iPhone.ActiveCfg = Release|Any CPU
		{929FDF79-F89D-4B4F-BB56-DBD1D31528B4}.AppStore|iPhone.Build.0 = Release|Any CPU
		{929FDF79-F89D-4B4F-BB56-DBD1D31528B4}.AppStore|iPhoneSimulator.ActiveCfg = Release|Any CPU
		{929FDF79-F89D-4B4F-BB56-DBD1D31528B4}.AppStore|iPhoneSimulator.Build.0 = Release|Any CPU
		{929FDF79-F89D-4B4F-BB56-DBD1D31528B4}.Debug|Any CPU.ActiveCfg = Debug|Any CPU
		{929FDF79-F89D-4B4F-BB56-DBD1D31528B4}.Debug|Any CPU.Build.0 = Debug|Any CPU
		{929FDF79-F89D-4B4F-BB56-DBD1D31528B4}.Debug|iPhone.ActiveCfg = Debug|Any CPU
		{929FDF79-F89D-4B4F-BB56-DBD1D31528B4}.Debug|iPhone.Build.0 = Debug|Any CPU
		{929FDF79-F89D-4B4F-BB56-DBD1D31528B4}.Debug|iPhoneSimulator.ActiveCfg = Debug|Any CPU
		{929FDF79-F89D-4B4F-BB56-DBD1D31528B4}.Debug|iPhoneSimulator.Build.0 = Debug|Any CPU
		{929FDF79-F89D-4B4F-BB56-DBD1D31528B4}.Release|Any CPU.ActiveCfg = Release|Any CPU
		{929FDF79-F89D-4B4F-BB56-DBD1D31528B4}.Release|Any CPU.Build.0 = Release|Any CPU
		{929FDF79-F89D-4B4F-BB56-DBD1D31528B4}.Release|iPhone.ActiveCfg = Release|Any CPU
		{929FDF79-F89D-4B4F-BB56-DBD1D31528B4}.Release|iPhone.Build.0 = Release|Any CPU
		{929FDF79-F89D-4B4F-BB56-DBD1D31528B4}.Release|iPhoneSimulator.ActiveCfg = Release|Any CPU
		{929FDF79-F89D-4B4F-BB56-DBD1D31528B4}.Release|iPhoneSimulator.Build.0 = Release|Any CPU
		{6B4C96B5-9B1A-45A4-BB30-827768EDE82C}.Ad-Hoc|Any CPU.ActiveCfg = Release|Any CPU
		{6B4C96B5-9B1A-45A4-BB30-827768EDE82C}.Ad-Hoc|Any CPU.Build.0 = Release|Any CPU
		{6B4C96B5-9B1A-45A4-BB30-827768EDE82C}.Ad-Hoc|iPhone.ActiveCfg = Release|Any CPU
		{6B4C96B5-9B1A-45A4-BB30-827768EDE82C}.Ad-Hoc|iPhone.Build.0 = Release|Any CPU
		{6B4C96B5-9B1A-45A4-BB30-827768EDE82C}.Ad-Hoc|iPhoneSimulator.ActiveCfg = Release|Any CPU
		{6B4C96B5-9B1A-45A4-BB30-827768EDE82C}.Ad-Hoc|iPhoneSimulator.Build.0 = Release|Any CPU
		{6B4C96B5-9B1A-45A4-BB30-827768EDE82C}.AppStore|Any CPU.ActiveCfg = Release|Any CPU
		{6B4C96B5-9B1A-45A4-BB30-827768EDE82C}.AppStore|Any CPU.Build.0 = Release|Any CPU
		{6B4C96B5-9B1A-45A4-BB30-827768EDE82C}.AppStore|iPhone.ActiveCfg = Release|Any CPU
		{6B4C96B5-9B1A-45A4-BB30-827768EDE82C}.AppStore|iPhone.Build.0 = Release|Any CPU
		{6B4C96B5-9B1A-45A4-BB30-827768EDE82C}.AppStore|iPhoneSimulator.ActiveCfg = Release|Any CPU
		{6B4C96B5-9B1A-45A4-BB30-827768EDE82C}.AppStore|iPhoneSimulator.Build.0 = Release|Any CPU
		{6B4C96B5-9B1A-45A4-BB30-827768EDE82C}.Debug|Any CPU.ActiveCfg = Debug|Any CPU
		{6B4C96B5-9B1A-45A4-BB30-827768EDE82C}.Debug|Any CPU.Build.0 = Debug|Any CPU
		{6B4C96B5-9B1A-45A4-BB30-827768EDE82C}.Debug|iPhone.ActiveCfg = Debug|Any CPU
		{6B4C96B5-9B1A-45A4-BB30-827768EDE82C}.Debug|iPhone.Build.0 = Debug|Any CPU
		{6B4C96B5-9B1A-45A4-BB30-827768EDE82C}.Debug|iPhoneSimulator.ActiveCfg = Debug|Any CPU
		{6B4C96B5-9B1A-45A4-BB30-827768EDE82C}.Debug|iPhoneSimulator.Build.0 = Debug|Any CPU
		{6B4C96B5-9B1A-45A4-BB30-827768EDE82C}.Release|Any CPU.ActiveCfg = Release|Any CPU
		{6B4C96B5-9B1A-45A4-BB30-827768EDE82C}.Release|Any CPU.Build.0 = Release|Any CPU
		{6B4C96B5-9B1A-45A4-BB30-827768EDE82C}.Release|iPhone.ActiveCfg = Release|Any CPU
		{6B4C96B5-9B1A-45A4-BB30-827768EDE82C}.Release|iPhone.Build.0 = Release|Any CPU
		{6B4C96B5-9B1A-45A4-BB30-827768EDE82C}.Release|iPhoneSimulator.ActiveCfg = Release|Any CPU
		{6B4C96B5-9B1A-45A4-BB30-827768EDE82C}.Release|iPhoneSimulator.Build.0 = Release|Any CPU
		{9D18A4FD-F3A0-4E58-AC60-AF2D9DCF954A}.Ad-Hoc|Any CPU.ActiveCfg = Release|Any CPU
		{9D18A4FD-F3A0-4E58-AC60-AF2D9DCF954A}.Ad-Hoc|Any CPU.Build.0 = Release|Any CPU
		{9D18A4FD-F3A0-4E58-AC60-AF2D9DCF954A}.Ad-Hoc|iPhone.ActiveCfg = Release|Any CPU
		{9D18A4FD-F3A0-4E58-AC60-AF2D9DCF954A}.Ad-Hoc|iPhone.Build.0 = Release|Any CPU
		{9D18A4FD-F3A0-4E58-AC60-AF2D9DCF954A}.Ad-Hoc|iPhoneSimulator.ActiveCfg = Release|Any CPU
		{9D18A4FD-F3A0-4E58-AC60-AF2D9DCF954A}.Ad-Hoc|iPhoneSimulator.Build.0 = Release|Any CPU
		{9D18A4FD-F3A0-4E58-AC60-AF2D9DCF954A}.AppStore|Any CPU.ActiveCfg = Release|Any CPU
		{9D18A4FD-F3A0-4E58-AC60-AF2D9DCF954A}.AppStore|Any CPU.Build.0 = Release|Any CPU
		{9D18A4FD-F3A0-4E58-AC60-AF2D9DCF954A}.AppStore|iPhone.ActiveCfg = Release|Any CPU
		{9D18A4FD-F3A0-4E58-AC60-AF2D9DCF954A}.AppStore|iPhone.Build.0 = Release|Any CPU
		{9D18A4FD-F3A0-4E58-AC60-AF2D9DCF954A}.AppStore|iPhoneSimulator.ActiveCfg = Release|Any CPU
		{9D18A4FD-F3A0-4E58-AC60-AF2D9DCF954A}.AppStore|iPhoneSimulator.Build.0 = Release|Any CPU
		{9D18A4FD-F3A0-4E58-AC60-AF2D9DCF954A}.Debug|Any CPU.ActiveCfg = Debug|Any CPU
		{9D18A4FD-F3A0-4E58-AC60-AF2D9DCF954A}.Debug|Any CPU.Build.0 = Debug|Any CPU
		{9D18A4FD-F3A0-4E58-AC60-AF2D9DCF954A}.Debug|iPhone.ActiveCfg = Debug|Any CPU
		{9D18A4FD-F3A0-4E58-AC60-AF2D9DCF954A}.Debug|iPhone.Build.0 = Debug|Any CPU
		{9D18A4FD-F3A0-4E58-AC60-AF2D9DCF954A}.Debug|iPhoneSimulator.ActiveCfg = Debug|Any CPU
		{9D18A4FD-F3A0-4E58-AC60-AF2D9DCF954A}.Debug|iPhoneSimulator.Build.0 = Debug|Any CPU
		{9D18A4FD-F3A0-4E58-AC60-AF2D9DCF954A}.Release|Any CPU.ActiveCfg = Release|Any CPU
		{9D18A4FD-F3A0-4E58-AC60-AF2D9DCF954A}.Release|Any CPU.Build.0 = Release|Any CPU
		{9D18A4FD-F3A0-4E58-AC60-AF2D9DCF954A}.Release|iPhone.ActiveCfg = Release|Any CPU
		{9D18A4FD-F3A0-4E58-AC60-AF2D9DCF954A}.Release|iPhone.Build.0 = Release|Any CPU
		{9D18A4FD-F3A0-4E58-AC60-AF2D9DCF954A}.Release|iPhoneSimulator.ActiveCfg = Release|Any CPU
		{9D18A4FD-F3A0-4E58-AC60-AF2D9DCF954A}.Release|iPhoneSimulator.Build.0 = Release|Any CPU
		{E5903A9F-0804-4912-92CC-469E47FAE4F6}.Ad-Hoc|Any CPU.ActiveCfg = Release|Any CPU
		{E5903A9F-0804-4912-92CC-469E47FAE4F6}.Ad-Hoc|Any CPU.Build.0 = Release|Any CPU
		{E5903A9F-0804-4912-92CC-469E47FAE4F6}.Ad-Hoc|iPhone.ActiveCfg = Release|Any CPU
		{E5903A9F-0804-4912-92CC-469E47FAE4F6}.Ad-Hoc|iPhone.Build.0 = Release|Any CPU
		{E5903A9F-0804-4912-92CC-469E47FAE4F6}.Ad-Hoc|iPhoneSimulator.ActiveCfg = Release|Any CPU
		{E5903A9F-0804-4912-92CC-469E47FAE4F6}.Ad-Hoc|iPhoneSimulator.Build.0 = Release|Any CPU
		{E5903A9F-0804-4912-92CC-469E47FAE4F6}.AppStore|Any CPU.ActiveCfg = Release|Any CPU
		{E5903A9F-0804-4912-92CC-469E47FAE4F6}.AppStore|Any CPU.Build.0 = Release|Any CPU
		{E5903A9F-0804-4912-92CC-469E47FAE4F6}.AppStore|iPhone.ActiveCfg = Release|Any CPU
		{E5903A9F-0804-4912-92CC-469E47FAE4F6}.AppStore|iPhone.Build.0 = Release|Any CPU
		{E5903A9F-0804-4912-92CC-469E47FAE4F6}.AppStore|iPhoneSimulator.ActiveCfg = Release|Any CPU
		{E5903A9F-0804-4912-92CC-469E47FAE4F6}.AppStore|iPhoneSimulator.Build.0 = Release|Any CPU
		{E5903A9F-0804-4912-92CC-469E47FAE4F6}.Debug|Any CPU.ActiveCfg = Debug|Any CPU
		{E5903A9F-0804-4912-92CC-469E47FAE4F6}.Debug|Any CPU.Build.0 = Debug|Any CPU
		{E5903A9F-0804-4912-92CC-469E47FAE4F6}.Debug|iPhone.ActiveCfg = Debug|Any CPU
		{E5903A9F-0804-4912-92CC-469E47FAE4F6}.Debug|iPhone.Build.0 = Debug|Any CPU
		{E5903A9F-0804-4912-92CC-469E47FAE4F6}.Debug|iPhoneSimulator.ActiveCfg = Debug|Any CPU
		{E5903A9F-0804-4912-92CC-469E47FAE4F6}.Debug|iPhoneSimulator.Build.0 = Debug|Any CPU
		{E5903A9F-0804-4912-92CC-469E47FAE4F6}.Release|Any CPU.ActiveCfg = Release|Any CPU
		{E5903A9F-0804-4912-92CC-469E47FAE4F6}.Release|Any CPU.Build.0 = Release|Any CPU
		{E5903A9F-0804-4912-92CC-469E47FAE4F6}.Release|iPhone.ActiveCfg = Release|Any CPU
		{E5903A9F-0804-4912-92CC-469E47FAE4F6}.Release|iPhone.Build.0 = Release|Any CPU
		{E5903A9F-0804-4912-92CC-469E47FAE4F6}.Release|iPhoneSimulator.ActiveCfg = Release|Any CPU
		{E5903A9F-0804-4912-92CC-469E47FAE4F6}.Release|iPhoneSimulator.Build.0 = Release|Any CPU
		{34501D6D-410C-4E1E-8C47-1A2EBBFBE611}.Ad-Hoc|Any CPU.ActiveCfg = Release|Any CPU
		{34501D6D-410C-4E1E-8C47-1A2EBBFBE611}.Ad-Hoc|Any CPU.Build.0 = Release|Any CPU
		{34501D6D-410C-4E1E-8C47-1A2EBBFBE611}.Ad-Hoc|iPhone.ActiveCfg = Release|Any CPU
		{34501D6D-410C-4E1E-8C47-1A2EBBFBE611}.Ad-Hoc|iPhone.Build.0 = Release|Any CPU
		{34501D6D-410C-4E1E-8C47-1A2EBBFBE611}.Ad-Hoc|iPhoneSimulator.ActiveCfg = Release|Any CPU
		{34501D6D-410C-4E1E-8C47-1A2EBBFBE611}.Ad-Hoc|iPhoneSimulator.Build.0 = Release|Any CPU
		{34501D6D-410C-4E1E-8C47-1A2EBBFBE611}.AppStore|Any CPU.ActiveCfg = Release|Any CPU
		{34501D6D-410C-4E1E-8C47-1A2EBBFBE611}.AppStore|Any CPU.Build.0 = Release|Any CPU
		{34501D6D-410C-4E1E-8C47-1A2EBBFBE611}.AppStore|iPhone.ActiveCfg = Release|Any CPU
		{34501D6D-410C-4E1E-8C47-1A2EBBFBE611}.AppStore|iPhone.Build.0 = Release|Any CPU
		{34501D6D-410C-4E1E-8C47-1A2EBBFBE611}.AppStore|iPhoneSimulator.ActiveCfg = Release|Any CPU
		{34501D6D-410C-4E1E-8C47-1A2EBBFBE611}.AppStore|iPhoneSimulator.Build.0 = Release|Any CPU
		{34501D6D-410C-4E1E-8C47-1A2EBBFBE611}.Debug|Any CPU.ActiveCfg = Debug|Any CPU
		{34501D6D-410C-4E1E-8C47-1A2EBBFBE611}.Debug|Any CPU.Build.0 = Debug|Any CPU
		{34501D6D-410C-4E1E-8C47-1A2EBBFBE611}.Debug|iPhone.ActiveCfg = Debug|Any CPU
		{34501D6D-410C-4E1E-8C47-1A2EBBFBE611}.Debug|iPhone.Build.0 = Debug|Any CPU
		{34501D6D-410C-4E1E-8C47-1A2EBBFBE611}.Debug|iPhoneSimulator.ActiveCfg = Debug|Any CPU
		{34501D6D-410C-4E1E-8C47-1A2EBBFBE611}.Debug|iPhoneSimulator.Build.0 = Debug|Any CPU
		{34501D6D-410C-4E1E-8C47-1A2EBBFBE611}.Release|Any CPU.ActiveCfg = Release|Any CPU
		{34501D6D-410C-4E1E-8C47-1A2EBBFBE611}.Release|Any CPU.Build.0 = Release|Any CPU
		{34501D6D-410C-4E1E-8C47-1A2EBBFBE611}.Release|iPhone.ActiveCfg = Release|Any CPU
		{34501D6D-410C-4E1E-8C47-1A2EBBFBE611}.Release|iPhone.Build.0 = Release|Any CPU
		{34501D6D-410C-4E1E-8C47-1A2EBBFBE611}.Release|iPhoneSimulator.ActiveCfg = Release|Any CPU
		{34501D6D-410C-4E1E-8C47-1A2EBBFBE611}.Release|iPhoneSimulator.Build.0 = Release|Any CPU
		{B02F01D3-6062-4C23-AADF-A6967D95307A}.Ad-Hoc|Any CPU.ActiveCfg = Release|Any CPU
		{B02F01D3-6062-4C23-AADF-A6967D95307A}.Ad-Hoc|Any CPU.Build.0 = Release|Any CPU
		{B02F01D3-6062-4C23-AADF-A6967D95307A}.Ad-Hoc|Any CPU.Deploy.0 = Release|Any CPU
		{B02F01D3-6062-4C23-AADF-A6967D95307A}.Ad-Hoc|iPhone.ActiveCfg = Release|Any CPU
		{B02F01D3-6062-4C23-AADF-A6967D95307A}.Ad-Hoc|iPhone.Build.0 = Release|Any CPU
		{B02F01D3-6062-4C23-AADF-A6967D95307A}.Ad-Hoc|iPhone.Deploy.0 = Release|Any CPU
		{B02F01D3-6062-4C23-AADF-A6967D95307A}.Ad-Hoc|iPhoneSimulator.ActiveCfg = Release|Any CPU
		{B02F01D3-6062-4C23-AADF-A6967D95307A}.Ad-Hoc|iPhoneSimulator.Build.0 = Release|Any CPU
		{B02F01D3-6062-4C23-AADF-A6967D95307A}.Ad-Hoc|iPhoneSimulator.Deploy.0 = Release|Any CPU
		{B02F01D3-6062-4C23-AADF-A6967D95307A}.AppStore|Any CPU.ActiveCfg = Release|Any CPU
		{B02F01D3-6062-4C23-AADF-A6967D95307A}.AppStore|Any CPU.Build.0 = Release|Any CPU
		{B02F01D3-6062-4C23-AADF-A6967D95307A}.AppStore|Any CPU.Deploy.0 = Release|Any CPU
		{B02F01D3-6062-4C23-AADF-A6967D95307A}.AppStore|iPhone.ActiveCfg = Release|Any CPU
		{B02F01D3-6062-4C23-AADF-A6967D95307A}.AppStore|iPhone.Build.0 = Release|Any CPU
		{B02F01D3-6062-4C23-AADF-A6967D95307A}.AppStore|iPhone.Deploy.0 = Release|Any CPU
		{B02F01D3-6062-4C23-AADF-A6967D95307A}.AppStore|iPhoneSimulator.ActiveCfg = Release|Any CPU
		{B02F01D3-6062-4C23-AADF-A6967D95307A}.AppStore|iPhoneSimulator.Build.0 = Release|Any CPU
		{B02F01D3-6062-4C23-AADF-A6967D95307A}.AppStore|iPhoneSimulator.Deploy.0 = Release|Any CPU
		{B02F01D3-6062-4C23-AADF-A6967D95307A}.Debug|Any CPU.ActiveCfg = Debug|Any CPU
		{B02F01D3-6062-4C23-AADF-A6967D95307A}.Debug|Any CPU.Build.0 = Debug|Any CPU
		{B02F01D3-6062-4C23-AADF-A6967D95307A}.Debug|Any CPU.Deploy.0 = Debug|Any CPU
		{B02F01D3-6062-4C23-AADF-A6967D95307A}.Debug|iPhone.ActiveCfg = Debug|Any CPU
		{B02F01D3-6062-4C23-AADF-A6967D95307A}.Debug|iPhone.Build.0 = Debug|Any CPU
		{B02F01D3-6062-4C23-AADF-A6967D95307A}.Debug|iPhone.Deploy.0 = Debug|Any CPU
		{B02F01D3-6062-4C23-AADF-A6967D95307A}.Debug|iPhoneSimulator.ActiveCfg = Debug|Any CPU
		{B02F01D3-6062-4C23-AADF-A6967D95307A}.Debug|iPhoneSimulator.Build.0 = Debug|Any CPU
		{B02F01D3-6062-4C23-AADF-A6967D95307A}.Debug|iPhoneSimulator.Deploy.0 = Debug|Any CPU
		{B02F01D3-6062-4C23-AADF-A6967D95307A}.Release|Any CPU.ActiveCfg = Release|Any CPU
		{B02F01D3-6062-4C23-AADF-A6967D95307A}.Release|Any CPU.Build.0 = Release|Any CPU
		{B02F01D3-6062-4C23-AADF-A6967D95307A}.Release|Any CPU.Deploy.0 = Release|Any CPU
		{B02F01D3-6062-4C23-AADF-A6967D95307A}.Release|iPhone.ActiveCfg = Release|Any CPU
		{B02F01D3-6062-4C23-AADF-A6967D95307A}.Release|iPhone.Build.0 = Release|Any CPU
		{B02F01D3-6062-4C23-AADF-A6967D95307A}.Release|iPhone.Deploy.0 = Release|Any CPU
		{B02F01D3-6062-4C23-AADF-A6967D95307A}.Release|iPhoneSimulator.ActiveCfg = Release|Any CPU
		{B02F01D3-6062-4C23-AADF-A6967D95307A}.Release|iPhoneSimulator.Build.0 = Release|Any CPU
		{B02F01D3-6062-4C23-AADF-A6967D95307A}.Release|iPhoneSimulator.Deploy.0 = Release|Any CPU
		{09EE26AE-0657-4539-8552-817C290D8A8B}.Ad-Hoc|Any CPU.ActiveCfg = Ad-Hoc|iPhoneSimulator
		{09EE26AE-0657-4539-8552-817C290D8A8B}.Ad-Hoc|iPhone.ActiveCfg = Ad-Hoc|iPhone
		{09EE26AE-0657-4539-8552-817C290D8A8B}.Ad-Hoc|iPhone.Build.0 = Ad-Hoc|iPhone
		{09EE26AE-0657-4539-8552-817C290D8A8B}.Ad-Hoc|iPhoneSimulator.ActiveCfg = Ad-Hoc|iPhoneSimulator
		{09EE26AE-0657-4539-8552-817C290D8A8B}.Ad-Hoc|iPhoneSimulator.Build.0 = Ad-Hoc|iPhoneSimulator
		{09EE26AE-0657-4539-8552-817C290D8A8B}.AppStore|Any CPU.ActiveCfg = AppStore|iPhoneSimulator
		{09EE26AE-0657-4539-8552-817C290D8A8B}.AppStore|iPhone.ActiveCfg = AppStore|iPhone
		{09EE26AE-0657-4539-8552-817C290D8A8B}.AppStore|iPhone.Build.0 = AppStore|iPhone
		{09EE26AE-0657-4539-8552-817C290D8A8B}.AppStore|iPhoneSimulator.ActiveCfg = AppStore|iPhoneSimulator
		{09EE26AE-0657-4539-8552-817C290D8A8B}.AppStore|iPhoneSimulator.Build.0 = AppStore|iPhoneSimulator
		{09EE26AE-0657-4539-8552-817C290D8A8B}.Debug|Any CPU.ActiveCfg = Debug|iPhoneSimulator
		{09EE26AE-0657-4539-8552-817C290D8A8B}.Debug|iPhone.ActiveCfg = Debug|iPhone
		{09EE26AE-0657-4539-8552-817C290D8A8B}.Debug|iPhone.Build.0 = Debug|iPhone
		{09EE26AE-0657-4539-8552-817C290D8A8B}.Debug|iPhoneSimulator.ActiveCfg = Debug|iPhoneSimulator
		{09EE26AE-0657-4539-8552-817C290D8A8B}.Debug|iPhoneSimulator.Build.0 = Debug|iPhoneSimulator
		{09EE26AE-0657-4539-8552-817C290D8A8B}.Release|Any CPU.ActiveCfg = Release|iPhoneSimulator
		{09EE26AE-0657-4539-8552-817C290D8A8B}.Release|iPhone.ActiveCfg = Release|iPhone
		{09EE26AE-0657-4539-8552-817C290D8A8B}.Release|iPhone.Build.0 = Release|iPhone
		{09EE26AE-0657-4539-8552-817C290D8A8B}.Release|iPhoneSimulator.ActiveCfg = Release|iPhoneSimulator
		{09EE26AE-0657-4539-8552-817C290D8A8B}.Release|iPhoneSimulator.Build.0 = Release|iPhoneSimulator
		{37140172-D87D-4CD1-97C7-FA9F7E4D4267}.Ad-Hoc|Any CPU.ActiveCfg = Debug|Any CPU
		{37140172-D87D-4CD1-97C7-FA9F7E4D4267}.Ad-Hoc|Any CPU.Build.0 = Debug|Any CPU
		{37140172-D87D-4CD1-97C7-FA9F7E4D4267}.Ad-Hoc|iPhone.ActiveCfg = Debug|Any CPU
		{37140172-D87D-4CD1-97C7-FA9F7E4D4267}.Ad-Hoc|iPhone.Build.0 = Debug|Any CPU
		{37140172-D87D-4CD1-97C7-FA9F7E4D4267}.Ad-Hoc|iPhoneSimulator.ActiveCfg = Debug|Any CPU
		{37140172-D87D-4CD1-97C7-FA9F7E4D4267}.Ad-Hoc|iPhoneSimulator.Build.0 = Debug|Any CPU
		{37140172-D87D-4CD1-97C7-FA9F7E4D4267}.AppStore|Any CPU.ActiveCfg = Debug|Any CPU
		{37140172-D87D-4CD1-97C7-FA9F7E4D4267}.AppStore|Any CPU.Build.0 = Debug|Any CPU
		{37140172-D87D-4CD1-97C7-FA9F7E4D4267}.AppStore|iPhone.ActiveCfg = Debug|Any CPU
		{37140172-D87D-4CD1-97C7-FA9F7E4D4267}.AppStore|iPhone.Build.0 = Debug|Any CPU
		{37140172-D87D-4CD1-97C7-FA9F7E4D4267}.AppStore|iPhoneSimulator.ActiveCfg = Debug|Any CPU
		{37140172-D87D-4CD1-97C7-FA9F7E4D4267}.AppStore|iPhoneSimulator.Build.0 = Debug|Any CPU
		{37140172-D87D-4CD1-97C7-FA9F7E4D4267}.Debug|Any CPU.ActiveCfg = Debug|Any CPU
		{37140172-D87D-4CD1-97C7-FA9F7E4D4267}.Debug|Any CPU.Build.0 = Debug|Any CPU
		{37140172-D87D-4CD1-97C7-FA9F7E4D4267}.Debug|iPhone.ActiveCfg = Debug|Any CPU
		{37140172-D87D-4CD1-97C7-FA9F7E4D4267}.Debug|iPhone.Build.0 = Debug|Any CPU
		{37140172-D87D-4CD1-97C7-FA9F7E4D4267}.Debug|iPhoneSimulator.ActiveCfg = Debug|Any CPU
		{37140172-D87D-4CD1-97C7-FA9F7E4D4267}.Debug|iPhoneSimulator.Build.0 = Debug|Any CPU
		{37140172-D87D-4CD1-97C7-FA9F7E4D4267}.Release|Any CPU.ActiveCfg = Release|Any CPU
		{37140172-D87D-4CD1-97C7-FA9F7E4D4267}.Release|Any CPU.Build.0 = Release|Any CPU
		{37140172-D87D-4CD1-97C7-FA9F7E4D4267}.Release|iPhone.ActiveCfg = Release|Any CPU
		{37140172-D87D-4CD1-97C7-FA9F7E4D4267}.Release|iPhone.Build.0 = Release|Any CPU
		{37140172-D87D-4CD1-97C7-FA9F7E4D4267}.Release|iPhoneSimulator.ActiveCfg = Release|Any CPU
		{37140172-D87D-4CD1-97C7-FA9F7E4D4267}.Release|iPhoneSimulator.Build.0 = Release|Any CPU
	EndGlobalSection
	GlobalSection(SolutionProperties) = preSolution
		HideSolutionNode = FALSE
	EndGlobalSection
	GlobalSection(NestedProjects) = preSolution
		{B55307C0-BE48-4148-A1CD-D42ADFC360D6} = {74C962D4-4F1A-430B-8FAF-81974F863DA8}
		{9D18A4FD-F3A0-4E58-AC60-AF2D9DCF954A} = {74C962D4-4F1A-430B-8FAF-81974F863DA8}
		{E5903A9F-0804-4912-92CC-469E47FAE4F6} = {74C962D4-4F1A-430B-8FAF-81974F863DA8}
	EndGlobalSection
	GlobalSection(ExtensibilityGlobals) = postSolution
		SolutionGuid = {A50C016C-BC54-4D2B-A8CE-7CFDDB84FCAA}
	EndGlobalSection
EndGlobal
